
Microsoft Visual Studio Solution File, Format Version 12.00
# Visual Studio 14
VisualStudioVersion = 14.0.24720.0
MinimumVisualStudioVersion = 10.0.40219.1
Project("{2150E333-8FDC-42A3-9474-1A3956D46DE8}") = "0 Foundation", "0 Foundation", "{A47DC29C-4251-4C1B-98F6-768CD30554C8}"
EndProject
Project("{2150E333-8FDC-42A3-9474-1A3956D46DE8}") = "2 Sites", "2 Sites", "{61B58519-DB66-4D5D-A602-778B556A3A49}"
EndProject
Project("{2150E333-8FDC-42A3-9474-1A3956D46DE8}") = "1 Features", "1 Features", "{4AC26F05-910F-4E00-9A5D-2D255B2B24EA}"
EndProject
Project("{FAE04EC0-301F-11D3-BF4B-00C04F79EFBC}") = "DSP.Foundation", "Foundation\code\DSP.Foundation\DSP.Foundation.csproj", "{C4F71139-4C37-4643-8C92-173C846A625A}"
EndProject
Project("{2150E333-8FDC-42A3-9474-1A3956D46DE8}") = "TemplatesModules", "TemplatesModules", "{710E3E5C-E2D1-457B-B3F8-41875B1DF9BB}"
EndProject
Project("{2150E333-8FDC-42A3-9474-1A3956D46DE8}") = "Search", "Search", "{866E7F9B-E95E-48A3-A57E-2153AC49412A}"
EndProject
Project("{FAE04EC0-301F-11D3-BF4B-00C04F79EFBC}") = "DSP.Business.Search", "Features\Search\code\DSP.Business.Search\DSP.Business.Search.csproj", "{8EFA7D41-DB9A-4D8D-8B27-7167D6D000CA}"
EndProject
Project("{FAE04EC0-301F-11D3-BF4B-00C04F79EFBC}") = "DSP.Feature.Search", "Features\Search\code\DSP.Feature.Search\DSP.Feature.Search.csproj", "{3DD13A35-B02E-4738-9320-E08852E6A87C}"
EndProject
Project("{FAE04EC0-301F-11D3-BF4B-00C04F79EFBC}") = "DSP.Site.Dspstarter", "Sites\dspstarter\code\DSP.Site.Dspstarter\DSP.Site.Dspstarter.csproj", "{6B8A7248-9A18-4556-A3A8-B86FB9034EAC}"
EndProject
Project("{FAE04EC0-301F-11D3-BF4B-00C04F79EFBC}") = "DSP.Feature.TemplatesModules", "Features\TM\code\DSP.Feature.TemplatesModules\DSP.Feature.TemplatesModules.csproj", "{7DF96027-FE93-4580-B1E0-6587026586ED}"
EndProject
Project("{2150E333-8FDC-42A3-9474-1A3956D46DE8}") = "ExampleForms", "ExampleForms", "{D82D1C60-BF05-4890-B501-3F6A43853845}"
EndProject
Project("{FAE04EC0-301F-11D3-BF4B-00C04F79EFBC}") = "DSP.Feature.ExampleForms", "Features\ExampleForms\code\DSP.Feature.ExampleForms\DSP.Feature.ExampleForms.csproj", "{02A48A91-E85F-4EA6-9FAC-A0CD122C08AE}"
EndProject
Global
	GlobalSection(SolutionConfigurationPlatforms) = preSolution
		Common|Any CPU = Common|Any CPU
		Common|x86 = Common|x86
		Debug|Any CPU = Debug|Any CPU
		Debug|x86 = Debug|x86
		Integration|Any CPU = Integration|Any CPU
		Integration|x86 = Integration|x86
		Release|Any CPU = Release|Any CPU
		Release|x86 = Release|x86
		Test.Auth|Any CPU = Test.Auth|Any CPU
		Test.Auth|x86 = Test.Auth|x86
		Test.Delivery|Any CPU = Test.Delivery|Any CPU
		Test.Delivery|x86 = Test.Delivery|x86
	EndGlobalSection
	GlobalSection(ProjectConfigurationPlatforms) = postSolution
		{C4F71139-4C37-4643-8C92-173C846A625A}.Common|Any CPU.ActiveCfg = Common|Any CPU
		{C4F71139-4C37-4643-8C92-173C846A625A}.Common|Any CPU.Build.0 = Common|Any CPU
		{C4F71139-4C37-4643-8C92-173C846A625A}.Common|x86.ActiveCfg = Common|x86
		{C4F71139-4C37-4643-8C92-173C846A625A}.Common|x86.Build.0 = Common|x86
		{C4F71139-4C37-4643-8C92-173C846A625A}.Debug|Any CPU.ActiveCfg = Debug|Any CPU
		{C4F71139-4C37-4643-8C92-173C846A625A}.Debug|Any CPU.Build.0 = Debug|Any CPU
		{C4F71139-4C37-4643-8C92-173C846A625A}.Debug|x86.ActiveCfg = Debug|x86
		{C4F71139-4C37-4643-8C92-173C846A625A}.Debug|x86.Build.0 = Debug|x86
		{C4F71139-4C37-4643-8C92-173C846A625A}.Integration|Any CPU.ActiveCfg = Release|Any CPU
		{C4F71139-4C37-4643-8C92-173C846A625A}.Integration|Any CPU.Build.0 = Release|Any CPU
		{C4F71139-4C37-4643-8C92-173C846A625A}.Integration|x86.ActiveCfg = Common|x86
		{C4F71139-4C37-4643-8C92-173C846A625A}.Integration|x86.Build.0 = Common|x86
		{C4F71139-4C37-4643-8C92-173C846A625A}.Release|Any CPU.ActiveCfg = Release|Any CPU
		{C4F71139-4C37-4643-8C92-173C846A625A}.Release|Any CPU.Build.0 = Release|Any CPU
		{C4F71139-4C37-4643-8C92-173C846A625A}.Release|x86.ActiveCfg = Release|x86
		{C4F71139-4C37-4643-8C92-173C846A625A}.Release|x86.Build.0 = Release|x86
		{C4F71139-4C37-4643-8C92-173C846A625A}.Test.Auth|Any CPU.ActiveCfg = Release|Any CPU
		{C4F71139-4C37-4643-8C92-173C846A625A}.Test.Auth|Any CPU.Build.0 = Release|Any CPU
		{C4F71139-4C37-4643-8C92-173C846A625A}.Test.Auth|x86.ActiveCfg = Common|x86
		{C4F71139-4C37-4643-8C92-173C846A625A}.Test.Auth|x86.Build.0 = Common|x86
		{C4F71139-4C37-4643-8C92-173C846A625A}.Test.Delivery|Any CPU.ActiveCfg = Release|Any CPU
		{C4F71139-4C37-4643-8C92-173C846A625A}.Test.Delivery|Any CPU.Build.0 = Release|Any CPU
		{C4F71139-4C37-4643-8C92-173C846A625A}.Test.Delivery|x86.ActiveCfg = Common|x86
		{C4F71139-4C37-4643-8C92-173C846A625A}.Test.Delivery|x86.Build.0 = Common|x86
		{8EFA7D41-DB9A-4D8D-8B27-7167D6D000CA}.Common|Any CPU.ActiveCfg = Common|Any CPU
		{8EFA7D41-DB9A-4D8D-8B27-7167D6D000CA}.Common|Any CPU.Build.0 = Common|Any CPU
		{8EFA7D41-DB9A-4D8D-8B27-7167D6D000CA}.Common|x86.ActiveCfg = Common|x86
		{8EFA7D41-DB9A-4D8D-8B27-7167D6D000CA}.Common|x86.Build.0 = Common|x86
		{8EFA7D41-DB9A-4D8D-8B27-7167D6D000CA}.Debug|Any CPU.ActiveCfg = Debug|Any CPU
		{8EFA7D41-DB9A-4D8D-8B27-7167D6D000CA}.Debug|Any CPU.Build.0 = Debug|Any CPU
		{8EFA7D41-DB9A-4D8D-8B27-7167D6D000CA}.Debug|x86.ActiveCfg = Debug|x86
		{8EFA7D41-DB9A-4D8D-8B27-7167D6D000CA}.Debug|x86.Build.0 = Debug|x86
		{8EFA7D41-DB9A-4D8D-8B27-7167D6D000CA}.Integration|Any CPU.ActiveCfg = Integration|Any CPU
		{8EFA7D41-DB9A-4D8D-8B27-7167D6D000CA}.Integration|Any CPU.Build.0 = Integration|Any CPU
		{8EFA7D41-DB9A-4D8D-8B27-7167D6D000CA}.Integration|x86.ActiveCfg = Integration|x86
		{8EFA7D41-DB9A-4D8D-8B27-7167D6D000CA}.Integration|x86.Build.0 = Integration|x86
		{8EFA7D41-DB9A-4D8D-8B27-7167D6D000CA}.Release|Any CPU.ActiveCfg = Release|Any CPU
		{8EFA7D41-DB9A-4D8D-8B27-7167D6D000CA}.Release|Any CPU.Build.0 = Release|Any CPU
		{8EFA7D41-DB9A-4D8D-8B27-7167D6D000CA}.Release|x86.ActiveCfg = Release|x86
		{8EFA7D41-DB9A-4D8D-8B27-7167D6D000CA}.Release|x86.Build.0 = Release|x86
		{8EFA7D41-DB9A-4D8D-8B27-7167D6D000CA}.Test.Auth|Any CPU.ActiveCfg = Test.Auth|Any CPU
		{8EFA7D41-DB9A-4D8D-8B27-7167D6D000CA}.Test.Auth|Any CPU.Build.0 = Test.Auth|Any CPU
		{8EFA7D41-DB9A-4D8D-8B27-7167D6D000CA}.Test.Auth|x86.ActiveCfg = Test.Auth|x86
		{8EFA7D41-DB9A-4D8D-8B27-7167D6D000CA}.Test.Auth|x86.Build.0 = Test.Auth|x86
		{8EFA7D41-DB9A-4D8D-8B27-7167D6D000CA}.Test.Delivery|Any CPU.ActiveCfg = Test.Delivery|Any CPU
		{8EFA7D41-DB9A-4D8D-8B27-7167D6D000CA}.Test.Delivery|Any CPU.Build.0 = Test.Delivery|Any CPU
		{8EFA7D41-DB9A-4D8D-8B27-7167D6D000CA}.Test.Delivery|x86.ActiveCfg = Test.Delivery|x86
		{8EFA7D41-DB9A-4D8D-8B27-7167D6D000CA}.Test.Delivery|x86.Build.0 = Test.Delivery|x86
		{3DD13A35-B02E-4738-9320-E08852E6A87C}.Common|Any CPU.ActiveCfg = Common|Any CPU
		{3DD13A35-B02E-4738-9320-E08852E6A87C}.Common|Any CPU.Build.0 = Common|Any CPU
		{3DD13A35-B02E-4738-9320-E08852E6A87C}.Common|x86.ActiveCfg = Common|x86
		{3DD13A35-B02E-4738-9320-E08852E6A87C}.Common|x86.Build.0 = Common|x86
		{3DD13A35-B02E-4738-9320-E08852E6A87C}.Debug|Any CPU.ActiveCfg = Debug|Any CPU
		{3DD13A35-B02E-4738-9320-E08852E6A87C}.Debug|Any CPU.Build.0 = Debug|Any CPU
		{3DD13A35-B02E-4738-9320-E08852E6A87C}.Debug|x86.ActiveCfg = Debug|x86
		{3DD13A35-B02E-4738-9320-E08852E6A87C}.Debug|x86.Build.0 = Debug|x86
		{3DD13A35-B02E-4738-9320-E08852E6A87C}.Integration|Any CPU.ActiveCfg = Common|Any CPU
		{3DD13A35-B02E-4738-9320-E08852E6A87C}.Integration|Any CPU.Build.0 = Common|Any CPU
		{3DD13A35-B02E-4738-9320-E08852E6A87C}.Integration|x86.ActiveCfg = Common|x86
		{3DD13A35-B02E-4738-9320-E08852E6A87C}.Integration|x86.Build.0 = Common|x86
		{3DD13A35-B02E-4738-9320-E08852E6A87C}.Release|Any CPU.ActiveCfg = Release|Any CPU
		{3DD13A35-B02E-4738-9320-E08852E6A87C}.Release|Any CPU.Build.0 = Release|Any CPU
		{3DD13A35-B02E-4738-9320-E08852E6A87C}.Release|x86.ActiveCfg = Release|x86
		{3DD13A35-B02E-4738-9320-E08852E6A87C}.Release|x86.Build.0 = Release|x86
		{3DD13A35-B02E-4738-9320-E08852E6A87C}.Test.Auth|Any CPU.ActiveCfg = Common|Any CPU
		{3DD13A35-B02E-4738-9320-E08852E6A87C}.Test.Auth|Any CPU.Build.0 = Common|Any CPU
		{3DD13A35-B02E-4738-9320-E08852E6A87C}.Test.Auth|x86.ActiveCfg = Common|x86
		{3DD13A35-B02E-4738-9320-E08852E6A87C}.Test.Auth|x86.Build.0 = Common|x86
		{3DD13A35-B02E-4738-9320-E08852E6A87C}.Test.Delivery|Any CPU.ActiveCfg = Common|Any CPU
		{3DD13A35-B02E-4738-9320-E08852E6A87C}.Test.Delivery|Any CPU.Build.0 = Common|Any CPU
		{3DD13A35-B02E-4738-9320-E08852E6A87C}.Test.Delivery|x86.ActiveCfg = Common|x86
		{3DD13A35-B02E-4738-9320-E08852E6A87C}.Test.Delivery|x86.Build.0 = Common|x86
		{6B8A7248-9A18-4556-A3A8-B86FB9034EAC}.Common|Any CPU.ActiveCfg = Common|Any CPU
		{6B8A7248-9A18-4556-A3A8-B86FB9034EAC}.Common|Any CPU.Build.0 = Common|Any CPU
		{6B8A7248-9A18-4556-A3A8-B86FB9034EAC}.Common|x86.ActiveCfg = Common|x86
		{6B8A7248-9A18-4556-A3A8-B86FB9034EAC}.Common|x86.Build.0 = Common|x86
		{6B8A7248-9A18-4556-A3A8-B86FB9034EAC}.Debug|Any CPU.ActiveCfg = Debug|Any CPU
		{6B8A7248-9A18-4556-A3A8-B86FB9034EAC}.Debug|Any CPU.Build.0 = Debug|Any CPU
		{6B8A7248-9A18-4556-A3A8-B86FB9034EAC}.Debug|x86.ActiveCfg = Debug|x86
		{6B8A7248-9A18-4556-A3A8-B86FB9034EAC}.Debug|x86.Build.0 = Debug|x86
		{6B8A7248-9A18-4556-A3A8-B86FB9034EAC}.Integration|Any CPU.ActiveCfg = Integration|Any CPU
		{6B8A7248-9A18-4556-A3A8-B86FB9034EAC}.Integration|Any CPU.Build.0 = Integration|Any CPU
		{6B8A7248-9A18-4556-A3A8-B86FB9034EAC}.Integration|x86.ActiveCfg = Integration|x86
		{6B8A7248-9A18-4556-A3A8-B86FB9034EAC}.Integration|x86.Build.0 = Integration|x86
		{6B8A7248-9A18-4556-A3A8-B86FB9034EAC}.Release|Any CPU.ActiveCfg = Release|Any CPU
		{6B8A7248-9A18-4556-A3A8-B86FB9034EAC}.Release|Any CPU.Build.0 = Release|Any CPU
		{6B8A7248-9A18-4556-A3A8-B86FB9034EAC}.Release|x86.ActiveCfg = Release|x86
		{6B8A7248-9A18-4556-A3A8-B86FB9034EAC}.Release|x86.Build.0 = Release|x86
		{6B8A7248-9A18-4556-A3A8-B86FB9034EAC}.Test.Auth|Any CPU.ActiveCfg = Test.Auth|Any CPU
		{6B8A7248-9A18-4556-A3A8-B86FB9034EAC}.Test.Auth|Any CPU.Build.0 = Test.Auth|Any CPU
		{6B8A7248-9A18-4556-A3A8-B86FB9034EAC}.Test.Auth|x86.ActiveCfg = Test.Auth|x86
		{6B8A7248-9A18-4556-A3A8-B86FB9034EAC}.Test.Auth|x86.Build.0 = Test.Auth|x86
		{6B8A7248-9A18-4556-A3A8-B86FB9034EAC}.Test.Delivery|Any CPU.ActiveCfg = Test.Delivery|Any CPU
		{6B8A7248-9A18-4556-A3A8-B86FB9034EAC}.Test.Delivery|Any CPU.Build.0 = Test.Delivery|Any CPU
		{6B8A7248-9A18-4556-A3A8-B86FB9034EAC}.Test.Delivery|x86.ActiveCfg = Test.Delivery|x86
		{6B8A7248-9A18-4556-A3A8-B86FB9034EAC}.Test.Delivery|x86.Build.0 = Test.Delivery|x86
		{7DF96027-FE93-4580-B1E0-6587026586ED}.Common|Any CPU.ActiveCfg = Common|Any CPU
		{7DF96027-FE93-4580-B1E0-6587026586ED}.Common|Any CPU.Build.0 = Common|Any CPU
		{7DF96027-FE93-4580-B1E0-6587026586ED}.Common|x86.ActiveCfg = Common|x86
		{7DF96027-FE93-4580-B1E0-6587026586ED}.Common|x86.Build.0 = Common|x86
		{7DF96027-FE93-4580-B1E0-6587026586ED}.Debug|Any CPU.ActiveCfg = Debug|Any CPU
		{7DF96027-FE93-4580-B1E0-6587026586ED}.Debug|Any CPU.Build.0 = Debug|Any CPU
		{7DF96027-FE93-4580-B1E0-6587026586ED}.Debug|x86.ActiveCfg = Debug|x86
		{7DF96027-FE93-4580-B1E0-6587026586ED}.Debug|x86.Build.0 = Debug|x86
		{7DF96027-FE93-4580-B1E0-6587026586ED}.Integration|Any CPU.ActiveCfg = Common|Any CPU
		{7DF96027-FE93-4580-B1E0-6587026586ED}.Integration|Any CPU.Build.0 = Common|Any CPU
		{7DF96027-FE93-4580-B1E0-6587026586ED}.Integration|x86.ActiveCfg = Common|x86
		{7DF96027-FE93-4580-B1E0-6587026586ED}.Integration|x86.Build.0 = Common|x86
		{7DF96027-FE93-4580-B1E0-6587026586ED}.Release|Any CPU.ActiveCfg = Release|Any CPU
		{7DF96027-FE93-4580-B1E0-6587026586ED}.Release|Any CPU.Build.0 = Release|Any CPU
		{7DF96027-FE93-4580-B1E0-6587026586ED}.Release|x86.ActiveCfg = Release|x86
		{7DF96027-FE93-4580-B1E0-6587026586ED}.Release|x86.Build.0 = Release|x86
		{7DF96027-FE93-4580-B1E0-6587026586ED}.Test.Auth|Any CPU.ActiveCfg = Common|Any CPU
		{7DF96027-FE93-4580-B1E0-6587026586ED}.Test.Auth|Any CPU.Build.0 = Common|Any CPU
		{7DF96027-FE93-4580-B1E0-6587026586ED}.Test.Auth|x86.ActiveCfg = Common|x86
		{7DF96027-FE93-4580-B1E0-6587026586ED}.Test.Auth|x86.Build.0 = Common|x86
		{7DF96027-FE93-4580-B1E0-6587026586ED}.Test.Delivery|Any CPU.ActiveCfg = Common|Any CPU
		{7DF96027-FE93-4580-B1E0-6587026586ED}.Test.Delivery|Any CPU.Build.0 = Common|Any CPU
		{7DF96027-FE93-4580-B1E0-6587026586ED}.Test.Delivery|x86.ActiveCfg = Common|x86
		{7DF96027-FE93-4580-B1E0-6587026586ED}.Test.Delivery|x86.Build.0 = Common|x86
		{02A48A91-E85F-4EA6-9FAC-A0CD122C08AE}.Common|Any CPU.ActiveCfg = Release|Any CPU
		{02A48A91-E85F-4EA6-9FAC-A0CD122C08AE}.Common|Any CPU.Build.0 = Release|Any CPU
		{02A48A91-E85F-4EA6-9FAC-A0CD122C08AE}.Common|x86.ActiveCfg = Release|Any CPU
		{02A48A91-E85F-4EA6-9FAC-A0CD122C08AE}.Common|x86.Build.0 = Release|Any CPU
		{02A48A91-E85F-4EA6-9FAC-A0CD122C08AE}.Debug|Any CPU.ActiveCfg = Debug|Any CPU
		{02A48A91-E85F-4EA6-9FAC-A0CD122C08AE}.Debug|Any CPU.Build.0 = Debug|Any CPU
		{02A48A91-E85F-4EA6-9FAC-A0CD122C08AE}.Debug|x86.ActiveCfg = Debug|Any CPU
		{02A48A91-E85F-4EA6-9FAC-A0CD122C08AE}.Debug|x86.Build.0 = Debug|Any CPU
		{02A48A91-E85F-4EA6-9FAC-A0CD122C08AE}.Integration|Any CPU.ActiveCfg = Release|Any CPU
		{02A48A91-E85F-4EA6-9FAC-A0CD122C08AE}.Integration|Any CPU.Build.0 = Release|Any CPU
		{02A48A91-E85F-4EA6-9FAC-A0CD122C08AE}.Integration|x86.ActiveCfg = Release|Any CPU
		{02A48A91-E85F-4EA6-9FAC-A0CD122C08AE}.Integration|x86.Build.0 = Release|Any CPU
		{02A48A91-E85F-4EA6-9FAC-A0CD122C08AE}.Release|Any CPU.ActiveCfg = Release|Any CPU
		{02A48A91-E85F-4EA6-9FAC-A0CD122C08AE}.Release|Any CPU.Build.0 = Release|Any CPU
		{02A48A91-E85F-4EA6-9FAC-A0CD122C08AE}.Release|x86.ActiveCfg = Release|Any CPU
		{02A48A91-E85F-4EA6-9FAC-A0CD122C08AE}.Release|x86.Build.0 = Release|Any CPU
		{02A48A91-E85F-4EA6-9FAC-A0CD122C08AE}.Test.Auth|Any CPU.ActiveCfg = Release|Any CPU
		{02A48A91-E85F-4EA6-9FAC-A0CD122C08AE}.Test.Auth|Any CPU.Build.0 = Release|Any CPU
		{02A48A91-E85F-4EA6-9FAC-A0CD122C08AE}.Test.Auth|x86.ActiveCfg = Release|Any CPU
		{02A48A91-E85F-4EA6-9FAC-A0CD122C08AE}.Test.Auth|x86.Build.0 = Release|Any CPU
		{02A48A91-E85F-4EA6-9FAC-A0CD122C08AE}.Test.Delivery|Any CPU.ActiveCfg = Release|Any CPU
		{02A48A91-E85F-4EA6-9FAC-A0CD122C08AE}.Test.Delivery|Any CPU.Build.0 = Release|Any CPU
		{02A48A91-E85F-4EA6-9FAC-A0CD122C08AE}.Test.Delivery|x86.ActiveCfg = Release|Any CPU
		{02A48A91-E85F-4EA6-9FAC-A0CD122C08AE}.Test.Delivery|x86.Build.0 = Release|Any CPU
	EndGlobalSection
	GlobalSection(SolutionProperties) = preSolution
		HideSolutionNode = FALSE
	EndGlobalSection
	GlobalSection(NestedProjects) = preSolution
		{C4F71139-4C37-4643-8C92-173C846A625A} = {A47DC29C-4251-4C1B-98F6-768CD30554C8}
		{710E3E5C-E2D1-457B-B3F8-41875B1DF9BB} = {4AC26F05-910F-4E00-9A5D-2D255B2B24EA}
		{866E7F9B-E95E-48A3-A57E-2153AC49412A} = {4AC26F05-910F-4E00-9A5D-2D255B2B24EA}
		{8EFA7D41-DB9A-4D8D-8B27-7167D6D000CA} = {866E7F9B-E95E-48A3-A57E-2153AC49412A}
		{3DD13A35-B02E-4738-9320-E08852E6A87C} = {866E7F9B-E95E-48A3-A57E-2153AC49412A}
		{6B8A7248-9A18-4556-A3A8-B86FB9034EAC} = {61B58519-DB66-4D5D-A602-778B556A3A49}
		{7DF96027-FE93-4580-B1E0-6587026586ED} = {710E3E5C-E2D1-457B-B3F8-41875B1DF9BB}
		{D82D1C60-BF05-4890-B501-3F6A43853845} = {4AC26F05-910F-4E00-9A5D-2D255B2B24EA}
		{02A48A91-E85F-4EA6-9FAC-A0CD122C08AE} = {D82D1C60-BF05-4890-B501-3F6A43853845}
	EndGlobalSection
EndGlobal
